
Microsoft Visual Studio Solution File, Format Version 12.00
# Visual Studio Version 17
VisualStudioVersion = 17.6.33815.320
MinimumVisualStudioVersion = 10.0.40219.1
Project("{9A19103F-16F7-4668-BE54-9A1E7A4F7556}") = "Ass1_Aug17", "Ass1_Aug17\Ass1_Aug17.csproj", "{7A6AC673-0EF6-4FCB-BFBF-28B2497E78B9}"
EndProject
Project("{9A19103F-16F7-4668-BE54-9A1E7A4F7556}") = "Ass2_Aug21", "Ass2_Aug21\Ass2_Aug21.csproj", "{0F38B070-5F40-4824-B6AC-27AF0151EB79}"
EndProject
Project("{9A19103F-16F7-4668-BE54-9A1E7A4F7556}") = "Ass3_Aug24", "Ass3_Aug24\Ass3_Aug24.csproj", "{76651EF6-FEAA-42FD-8E76-04114A5F3891}"
EndProject
Project("{9A19103F-16F7-4668-BE54-9A1E7A4F7556}") = "Ass4_Aug25", "Ass4_Aug25\Ass4_Aug25.csproj", "{0572BE7C-61A9-4A25-A13B-DD6BF64C5C5D}"
EndProject
Project("{9A19103F-16F7-4668-BE54-9A1E7A4F7556}") = "Ass5_Aug28", "Ass5_Aug28\Ass5_Aug28.csproj", "{C1A92E64-5029-4459-8B03-DD9923DB8C83}"
EndProject
Project("{9A19103F-16F7-4668-BE54-9A1E7A4F7556}") = "Ass6_Aug30", "Ass6_Aug30\Ass6_Aug30.csproj", "{41885B8A-5115-4B0F-ADC9-D0EF0ED24193}"
EndProject
Project("{9A19103F-16F7-4668-BE54-9A1E7A4F7556}") = "Ass7_Sep06", "Ass7_Sep06\Ass7_Sep06.csproj", "{221DE97F-A176-4C38-9317-300449B6B9BC}"
EndProject
Project("{9A19103F-16F7-4668-BE54-9A1E7A4F7556}") = "Ass8_Sep08", "Ass8_Sep08\Ass8_Sep08.csproj", "{CF8104C6-9B0F-4C36-A16C-6020651D4D3A}"
EndProject
Project("{9A19103F-16F7-4668-BE54-9A1E7A4F7556}") = "Ass9_Sep11", "Ass9_Sep11\Ass9_Sep11.csproj", "{70487C17-FEB2-4652-8024-EEF93F62FF97}"
EndProject
Project("{9A19103F-16F7-4668-BE54-9A1E7A4F7556}") = "Ass10_Sep13", "Ass10_Sep13\Ass10_Sep13.csproj", "{6D6681AD-7B32-4F77-967C-DA8B8A69E30F}"
EndProject
Project("{9A19103F-16F7-4668-BE54-9A1E7A4F7556}") = "Ass11_Sep15", "Ass11_Sep15\Ass11_Sep15.csproj", "{4C405898-1280-4D88-8B03-60D2C2C30FBE}"
EndProject
Project("{FAE04EC0-301F-11D3-BF4B-00C04F79EFBC}") = "Ass12_Sep18", "Ass12_Sep18\Ass12_Sep18.csproj", "{0D3D7A7C-5F08-4A55-AA92-7DD9D0D911CC}"
EndProject
Global
	GlobalSection(SolutionConfigurationPlatforms) = preSolution
		Debug|Any CPU = Debug|Any CPU
		Release|Any CPU = Release|Any CPU
	EndGlobalSection
	GlobalSection(ProjectConfigurationPlatforms) = postSolution
		{7A6AC673-0EF6-4FCB-BFBF-28B2497E78B9}.Debug|Any CPU.ActiveCfg = Debug|Any CPU
		{7A6AC673-0EF6-4FCB-BFBF-28B2497E78B9}.Debug|Any CPU.Build.0 = Debug|Any CPU
		{7A6AC673-0EF6-4FCB-BFBF-28B2497E78B9}.Release|Any CPU.ActiveCfg = Release|Any CPU
		{7A6AC673-0EF6-4FCB-BFBF-28B2497E78B9}.Release|Any CPU.Build.0 = Release|Any CPU
		{0F38B070-5F40-4824-B6AC-27AF0151EB79}.Debug|Any CPU.ActiveCfg = Debug|Any CPU
		{0F38B070-5F40-4824-B6AC-27AF0151EB79}.Debug|Any CPU.Build.0 = Debug|Any CPU
		{0F38B070-5F40-4824-B6AC-27AF0151EB79}.Release|Any CPU.ActiveCfg = Release|Any CPU
		{0F38B070-5F40-4824-B6AC-27AF0151EB79}.Release|Any CPU.Build.0 = Release|Any CPU
		{76651EF6-FEAA-42FD-8E76-04114A5F3891}.Debug|Any CPU.ActiveCfg = Debug|Any CPU
		{76651EF6-FEAA-42FD-8E76-04114A5F3891}.Debug|Any CPU.Build.0 = Debug|Any CPU
		{76651EF6-FEAA-42FD-8E76-04114A5F3891}.Release|Any CPU.ActiveCfg = Release|Any CPU
		{76651EF6-FEAA-42FD-8E76-04114A5F3891}.Release|Any CPU.Build.0 = Release|Any CPU
		{0572BE7C-61A9-4A25-A13B-DD6BF64C5C5D}.Debug|Any CPU.ActiveCfg = Debug|Any CPU
		{0572BE7C-61A9-4A25-A13B-DD6BF64C5C5D}.Debug|Any CPU.Build.0 = Debug|Any CPU
		{0572BE7C-61A9-4A25-A13B-DD6BF64C5C5D}.Release|Any CPU.ActiveCfg = Release|Any CPU
		{0572BE7C-61A9-4A25-A13B-DD6BF64C5C5D}.Release|Any CPU.Build.0 = Release|Any CPU
		{C1A92E64-5029-4459-8B03-DD9923DB8C83}.Debug|Any CPU.ActiveCfg = Debug|Any CPU
		{C1A92E64-5029-4459-8B03-DD9923DB8C83}.Debug|Any CPU.Build.0 = Debug|Any CPU
		{C1A92E64-5029-4459-8B03-DD9923DB8C83}.Release|Any CPU.ActiveCfg = Release|Any CPU
		{C1A92E64-5029-4459-8B03-DD9923DB8C83}.Release|Any CPU.Build.0 = Release|Any CPU
		{41885B8A-5115-4B0F-ADC9-D0EF0ED24193}.Debug|Any CPU.ActiveCfg = Debug|Any CPU
		{41885B8A-5115-4B0F-ADC9-D0EF0ED24193}.Debug|Any CPU.Build.0 = Debug|Any CPU
		{41885B8A-5115-4B0F-ADC9-D0EF0ED24193}.Release|Any CPU.ActiveCfg = Release|Any CPU
		{41885B8A-5115-4B0F-ADC9-D0EF0ED24193}.Release|Any CPU.Build.0 = Release|Any CPU
		{221DE97F-A176-4C38-9317-300449B6B9BC}.Debug|Any CPU.ActiveCfg = Debug|Any CPU
		{221DE97F-A176-4C38-9317-300449B6B9BC}.Debug|Any CPU.Build.0 = Debug|Any CPU
		{221DE97F-A176-4C38-9317-300449B6B9BC}.Release|Any CPU.ActiveCfg = Release|Any CPU
		{221DE97F-A176-4C38-9317-300449B6B9BC}.Release|Any CPU.Build.0 = Release|Any CPU
		{CF8104C6-9B0F-4C36-A16C-6020651D4D3A}.Debug|Any CPU.ActiveCfg = Debug|Any CPU
		{CF8104C6-9B0F-4C36-A16C-6020651D4D3A}.Debug|Any CPU.Build.0 = Debug|Any CPU
		{CF8104C6-9B0F-4C36-A16C-6020651D4D3A}.Release|Any CPU.ActiveCfg = Release|Any CPU
		{CF8104C6-9B0F-4C36-A16C-6020651D4D3A}.Release|Any CPU.Build.0 = Release|Any CPU
		{70487C17-FEB2-4652-8024-EEF93F62FF97}.Debug|Any CPU.ActiveCfg = Debug|Any CPU
		{70487C17-FEB2-4652-8024-EEF93F62FF97}.Debug|Any CPU.Build.0 = Debug|Any CPU
		{70487C17-FEB2-4652-8024-EEF93F62FF97}.Release|Any CPU.ActiveCfg = Release|Any CPU
		{70487C17-FEB2-4652-8024-EEF93F62FF97}.Release|Any CPU.Build.0 = Release|Any CPU
		{6D6681AD-7B32-4F77-967C-DA8B8A69E30F}.Debug|Any CPU.ActiveCfg = Debug|Any CPU
		{6D6681AD-7B32-4F77-967C-DA8B8A69E30F}.Debug|Any CPU.Build.0 = Debug|Any CPU
		{6D6681AD-7B32-4F77-967C-DA8B8A69E30F}.Release|Any CPU.ActiveCfg = Release|Any CPU
		{6D6681AD-7B32-4F77-967C-DA8B8A69E30F}.Release|Any CPU.Build.0 = Release|Any CPU
		{4C405898-1280-4D88-8B03-60D2C2C30FBE}.Debug|Any CPU.ActiveCfg = Debug|Any CPU
		{4C405898-1280-4D88-8B03-60D2C2C30FBE}.Debug|Any CPU.Build.0 = Debug|Any CPU
		{4C405898-1280-4D88-8B03-60D2C2C30FBE}.Release|Any CPU.ActiveCfg = Release|Any CPU
		{4C405898-1280-4D88-8B03-60D2C2C30FBE}.Release|Any CPU.Build.0 = Release|Any CPU
		{0D3D7A7C-5F08-4A55-AA92-7DD9D0D911CC}.Debug|Any CPU.ActiveCfg = Debug|Any CPU
		{0D3D7A7C-5F08-4A55-AA92-7DD9D0D911CC}.Debug|Any CPU.Build.0 = Debug|Any CPU
		{0D3D7A7C-5F08-4A55-AA92-7DD9D0D911CC}.Release|Any CPU.ActiveCfg = Release|Any CPU
		{0D3D7A7C-5F08-4A55-AA92-7DD9D0D911CC}.Release|Any CPU.Build.0 = Release|Any CPU
	EndGlobalSection
	GlobalSection(SolutionProperties) = preSolution
		HideSolutionNode = FALSE
	EndGlobalSection
	GlobalSection(ExtensibilityGlobals) = postSolution
		SolutionGuid = {97BA223B-B269-42C1-A43C-E03CFDC3A74A}
	EndGlobalSection
EndGlobal
